{
  "pins" : [
    {
      "identity" : "swift-syntax",
      "kind" : "remoteSourceControl",
      "location" : "https://github.com/apple/swift-syntax.git",
      "state" : {
        "revision" : "64889f0c732f210a935a0ad7cda38f77f876262d",
        "version" : "509.1.1"
      }
    },
    {
      "identity" : "swiftgodot",
      "kind" : "remoteSourceControl",
      "location" : "https://github.com/migueldeicaza/SwiftGodot",
      "state" : {
        "revision" : "caec7dfc054880a2aa1c43a2b2f60956242a7424"
      }
    }
  ],
  "version" : 2
}
