// !$*UTF8*$!
{
	archiveVersion = 1;
	classes = {
	};
	objectVersion = 56;
	objects = {

/* Begin PBXBuildFile section */
		9CA157EC2B5DC6D30088C993 /* Game5visionOSApp.swift in Sources */ = {isa = PBXBuildFile; fileRef = 9CA157EB2B5DC6D30088C993 /* Game5visionOSApp.swift */; };
		9CA157EE2B5DC6D30088C993 /* MainMenuView.swift in Sources */ = {isa = PBXBuildFile; fileRef = 9CA157ED2B5DC6D30088C993 /* MainMenuView.swift */; };
		9CA157F02B5DC6D30088C993 /* Renderer.swift in Sources */ = {isa = PBXBuildFile; fileRef = 9CA157EF2B5DC6D30088C993 /* Renderer.swift */; };
		9CA157F22B5DC6D30088C993 /* Shaders.metal in Sources */ = {isa = PBXBuildFile; fileRef = 9CA157F12B5DC6D30088C993 /* Shaders.metal */; };
		9CA157F62B5DC6D30088C993 /* Preview Assets.xcassets in Resources */ = {isa = PBXBuildFile; fileRef = 9CA157F52B5DC6D30088C993 /* Preview Assets.xcassets */; };
		9CA157F82B5DC6D50088C993 /* Assets.xcassets in Resources */ = {isa = PBXBuildFile; fileRef = 9CA157F72B5DC6D50088C993 /* Assets.xcassets */; };
		9CA158032B5DC6D50088C993 /* Game5visionOSTests.swift in Sources */ = {isa = PBXBuildFile; fileRef = 9CA158022B5DC6D50088C993 /* Game5visionOSTests.swift */; };
		9CDE98272B6D47F0005AC5F7 /* Game5Content in Frameworks */ = {isa = PBXBuildFile; productRef = 9CDE98262B6D47F0005AC5F7 /* Game5Content */; };
		9CDE98292B6D491A005AC5F7 /* Godot in Resources */ = {isa = PBXBuildFile; fileRef = 9CDE98282B6D491A005AC5F7 /* Godot */; };
		9CE635B52B5EF97A002F9676 /* DebugView.swift in Sources */ = {isa = PBXBuildFile; fileRef = 9CE635B42B5EF97A002F9676 /* DebugView.swift */; };
/* End PBXBuildFile section */

/* Begin PBXContainerItemProxy section */
		9CA157FF2B5DC6D50088C993 /* PBXContainerItemProxy */ = {
			isa = PBXContainerItemProxy;
			containerPortal = 9CA157DC2B5DC6D30088C993 /* Project object */;
			proxyType = 1;
			remoteGlobalIDString = 9CA157E32B5DC6D30088C993;
			remoteInfo = "game5-visionOS";
		};
/* End PBXContainerItemProxy section */

/* Begin PBXFileReference section */
		9CA157E42B5DC6D30088C993 /* game5-visionOS.app */ = {isa = PBXFileReference; explicitFileType = wrapper.application; includeInIndex = 0; path = "game5-visionOS.app"; sourceTree = BUILT_PRODUCTS_DIR; };
		9CA157E82B5DC6D30088C993 /* Game5Content */ = {isa = PBXFileReference; lastKnownFileType = wrapper; path = Game5Content; sourceTree = "<group>"; };
		9CA157EB2B5DC6D30088C993 /* Game5visionOSApp.swift */ = {isa = PBXFileReference; lastKnownFileType = sourcecode.swift; path = Game5visionOSApp.swift; sourceTree = "<group>"; };
		9CA157ED2B5DC6D30088C993 /* MainMenuView.swift */ = {isa = PBXFileReference; lastKnownFileType = sourcecode.swift; path = MainMenuView.swift; sourceTree = "<group>"; };
		9CA157EF2B5DC6D30088C993 /* Renderer.swift */ = {isa = PBXFileReference; lastKnownFileType = sourcecode.swift; path = Renderer.swift; sourceTree = "<group>"; };
		9CA157F12B5DC6D30088C993 /* Shaders.metal */ = {isa = PBXFileReference; lastKnownFileType = sourcecode.metal; path = Shaders.metal; sourceTree = "<group>"; };
		9CA157F32B5DC6D30088C993 /* ShaderTypes.h */ = {isa = PBXFileReference; lastKnownFileType = sourcecode.c.h; path = ShaderTypes.h; sourceTree = "<group>"; };
		9CA157F52B5DC6D30088C993 /* Preview Assets.xcassets */ = {isa = PBXFileReference; lastKnownFileType = folder.assetcatalog; path = "Preview Assets.xcassets"; sourceTree = "<group>"; };
		9CA157F72B5DC6D50088C993 /* Assets.xcassets */ = {isa = PBXFileReference; lastKnownFileType = folder.assetcatalog; path = Assets.xcassets; sourceTree = "<group>"; };
		9CA157F92B5DC6D50088C993 /* Info.plist */ = {isa = PBXFileReference; lastKnownFileType = text.plist.xml; path = Info.plist; sourceTree = "<group>"; };
		9CA157FE2B5DC6D50088C993 /* game5-visionOSTests.xctest */ = {isa = PBXFileReference; explicitFileType = wrapper.cfbundle; includeInIndex = 0; path = "game5-visionOSTests.xctest"; sourceTree = BUILT_PRODUCTS_DIR; };
		9CA158022B5DC6D50088C993 /* Game5visionOSTests.swift */ = {isa = PBXFileReference; lastKnownFileType = sourcecode.swift; path = Game5visionOSTests.swift; sourceTree = "<group>"; };
		9CDE98282B6D491A005AC5F7 /* Godot */ = {isa = PBXFileReference; lastKnownFileType = folder; name = Godot; path = ../../Godot; sourceTree = "<group>"; };
		9CE635B42B5EF97A002F9676 /* DebugView.swift */ = {isa = PBXFileReference; lastKnownFileType = sourcecode.swift; path = DebugView.swift; sourceTree = "<group>"; };
/* End PBXFileReference section */

/* Begin PBXFrameworksBuildPhase section */
		9CA157E12B5DC6D30088C993 /* Frameworks */ = {
			isa = PBXFrameworksBuildPhase;
			buildActionMask = 2147483647;
			files = (
				9CDE98272B6D47F0005AC5F7 /* Game5Content in Frameworks */,
			);
			runOnlyForDeploymentPostprocessing = 0;
		};
		9CA157FB2B5DC6D50088C993 /* Frameworks */ = {
			isa = PBXFrameworksBuildPhase;
			buildActionMask = 2147483647;
			files = (
			);
			runOnlyForDeploymentPostprocessing = 0;
		};
/* End PBXFrameworksBuildPhase section */

/* Begin PBXGroup section */
		9C76CC962B5DD4C100543AF1 /* Frameworks */ = {
			isa = PBXGroup;
			children = (
			);
			name = Frameworks;
			sourceTree = "<group>";
		};
		9CA157DB2B5DC6D30088C993 = {
			isa = PBXGroup;
			children = (
				9CDE98282B6D491A005AC5F7 /* Godot */,
				9CA157E62B5DC6D30088C993 /* game5-visionOS */,
				9CA157E72B5DC6D30088C993 /* Packages */,
				9CA158012B5DC6D50088C993 /* game5-visionOSTests */,
				9CA157E52B5DC6D30088C993 /* Products */,
				9C76CC962B5DD4C100543AF1 /* Frameworks */,
			);
			sourceTree = "<group>";
		};
		9CA157E52B5DC6D30088C993 /* Products */ = {
			isa = PBXGroup;
			children = (
				9CA157E42B5DC6D30088C993 /* game5-visionOS.app */,
				9CA157FE2B5DC6D50088C993 /* game5-visionOSTests.xctest */,
			);
			name = Products;
			sourceTree = "<group>";
		};
		9CA157E62B5DC6D30088C993 /* game5-visionOS */ = {
			isa = PBXGroup;
			children = (
				9CA157EB2B5DC6D30088C993 /* Game5visionOSApp.swift */,
				9CA157ED2B5DC6D30088C993 /* MainMenuView.swift */,
				9CE635B42B5EF97A002F9676 /* DebugView.swift */,
				9CA157EF2B5DC6D30088C993 /* Renderer.swift */,
				9CA157F12B5DC6D30088C993 /* Shaders.metal */,
				9CA157F32B5DC6D30088C993 /* ShaderTypes.h */,
				9CA157F72B5DC6D50088C993 /* Assets.xcassets */,
				9CA157F92B5DC6D50088C993 /* Info.plist */,
				9CA157F42B5DC6D30088C993 /* Preview Content */,
			);
			path = "game5-visionOS";
			sourceTree = "<group>";
		};
		9CA157E72B5DC6D30088C993 /* Packages */ = {
			isa = PBXGroup;
			children = (
				9CA157E82B5DC6D30088C993 /* Game5Content */,
			);
			path = Packages;
			sourceTree = "<group>";
		};
		9CA157F42B5DC6D30088C993 /* Preview Content */ = {
			isa = PBXGroup;
			children = (
				9CA157F52B5DC6D30088C993 /* Preview Assets.xcassets */,
			);
			path = "Preview Content";
			sourceTree = "<group>";
		};
		9CA158012B5DC6D50088C993 /* game5-visionOSTests */ = {
			isa = PBXGroup;
			children = (
				9CA158022B5DC6D50088C993 /* Game5visionOSTests.swift */,
			);
			path = "game5-visionOSTests";
			sourceTree = "<group>";
		};
/* End PBXGroup section */

/* Begin PBXNativeTarget section */
		9CA157E32B5DC6D30088C993 /* game5-visionOS */ = {
			isa = PBXNativeTarget;
			buildConfigurationList = 9CA158062B5DC6D50088C993 /* Build configuration list for PBXNativeTarget "game5-visionOS" */;
			buildPhases = (
				9CA157E02B5DC6D30088C993 /* Sources */,
				9CA157E12B5DC6D30088C993 /* Frameworks */,
				9CA157E22B5DC6D30088C993 /* Resources */,
			);
			buildRules = (
			);
			dependencies = (
			);
			name = "game5-visionOS";
			packageProductDependencies = (
				9CDE98262B6D47F0005AC5F7 /* Game5Content */,
			);
			productName = "game5-visionOS";
			productReference = 9CA157E42B5DC6D30088C993 /* game5-visionOS.app */;
			productType = "com.apple.product-type.application";
		};
		9CA157FD2B5DC6D50088C993 /* game5-visionOSTests */ = {
			isa = PBXNativeTarget;
			buildConfigurationList = 9CA158092B5DC6D50088C993 /* Build configuration list for PBXNativeTarget "game5-visionOSTests" */;
			buildPhases = (
				9CA157FA2B5DC6D50088C993 /* Sources */,
				9CA157FB2B5DC6D50088C993 /* Frameworks */,
				9CA157FC2B5DC6D50088C993 /* Resources */,
			);
			buildRules = (
			);
			dependencies = (
				9CA158002B5DC6D50088C993 /* PBXTargetDependency */,
			);
			name = "game5-visionOSTests";
			productName = "game5-visionOSTests";
			productReference = 9CA157FE2B5DC6D50088C993 /* game5-visionOSTests.xctest */;
			productType = "com.apple.product-type.bundle.unit-test";
		};
/* End PBXNativeTarget section */

/* Begin PBXProject section */
		9CA157DC2B5DC6D30088C993 /* Project object */ = {
			isa = PBXProject;
			attributes = {
				BuildIndependentTargetsInParallel = 1;
				LastSwiftUpdateCheck = 1520;
				LastUpgradeCheck = 1520;
				TargetAttributes = {
					9CA157E32B5DC6D30088C993 = {
						CreatedOnToolsVersion = 15.2;
					};
					9CA157FD2B5DC6D50088C993 = {
						CreatedOnToolsVersion = 15.2;
						TestTargetID = 9CA157E32B5DC6D30088C993;
					};
				};
			};
			buildConfigurationList = 9CA157DF2B5DC6D30088C993 /* Build configuration list for PBXProject "game5-visionOS" */;
			compatibilityVersion = "Xcode 14.0";
			developmentRegion = en;
			hasScannedForEncodings = 0;
			knownRegions = (
				en,
				Base,
			);
			mainGroup = 9CA157DB2B5DC6D30088C993;
			productRefGroup = 9CA157E52B5DC6D30088C993 /* Products */;
			projectDirPath = "";
			projectRoot = "";
			targets = (
				9CA157E32B5DC6D30088C993 /* game5-visionOS */,
				9CA157FD2B5DC6D50088C993 /* game5-visionOSTests */,
			);
		};
/* End PBXProject section */

/* Begin PBXResourcesBuildPhase section */
		9CA157E22B5DC6D30088C993 /* Resources */ = {
			isa = PBXResourcesBuildPhase;
			buildActionMask = 2147483647;
			files = (
				9CDE98292B6D491A005AC5F7 /* Godot in Resources */,
				9CA157F82B5DC6D50088C993 /* Assets.xcassets in Resources */,
				9CA157F62B5DC6D30088C993 /* Preview Assets.xcassets in Resources */,
			);
			runOnlyForDeploymentPostprocessing = 0;
		};
		9CA157FC2B5DC6D50088C993 /* Resources */ = {
			isa = PBXResourcesBuildPhase;
			buildActionMask = 2147483647;
			files = (
			);
			runOnlyForDeploymentPostprocessing = 0;
		};
/* End PBXResourcesBuildPhase section */

/* Begin PBXSourcesBuildPhase section */
		9CA157E02B5DC6D30088C993 /* Sources */ = {
			isa = PBXSourcesBuildPhase;
			buildActionMask = 2147483647;
			files = (
				9CA157F22B5DC6D30088C993 /* Shaders.metal in Sources */,
				9CE635B52B5EF97A002F9676 /* DebugView.swift in Sources */,
				9CA157EE2B5DC6D30088C993 /* MainMenuView.swift in Sources */,
				9CA157F02B5DC6D30088C993 /* Renderer.swift in Sources */,
				9CA157EC2B5DC6D30088C993 /* Game5visionOSApp.swift in Sources */,
			);
			runOnlyForDeploymentPostprocessing = 0;
		};
		9CA157FA2B5DC6D50088C993 /* Sources */ = {
			isa = PBXSourcesBuildPhase;
			buildActionMask = 2147483647;
			files = (
				9CA158032B5DC6D50088C993 /* Game5visionOSTests.swift in Sources */,
			);
			runOnlyForDeploymentPostprocessing = 0;
		};
/* End PBXSourcesBuildPhase section */

/* Begin PBXTargetDependency section */
		9CA158002B5DC6D50088C993 /* PBXTargetDependency */ = {
			isa = PBXTargetDependency;
			target = 9CA157E32B5DC6D30088C993 /* game5-visionOS */;
			targetProxy = 9CA157FF2B5DC6D50088C993 /* PBXContainerItemProxy */;
		};
/* End PBXTargetDependency section */

/* Begin XCBuildConfiguration section */
		9CA158042B5DC6D50088C993 /* Debug */ = {
			isa = XCBuildConfiguration;
			buildSettings = {
				ALWAYS_SEARCH_USER_PATHS = NO;
				ASSETCATALOG_COMPILER_GENERATE_SWIFT_ASSET_SYMBOL_EXTENSIONS = YES;
				CLANG_ANALYZER_NONNULL = YES;
				CLANG_ANALYZER_NUMBER_OBJECT_CONVERSION = YES_AGGRESSIVE;
				CLANG_CXX_LANGUAGE_STANDARD = "gnu++20";
				CLANG_ENABLE_MODULES = YES;
				CLANG_ENABLE_OBJC_ARC = YES;
				CLANG_ENABLE_OBJC_WEAK = YES;
				CLANG_WARN_BLOCK_CAPTURE_AUTORELEASING = YES;
				CLANG_WARN_BOOL_CONVERSION = YES;
				CLANG_WARN_COMMA = YES;
				CLANG_WARN_CONSTANT_CONVERSION = YES;
				CLANG_WARN_DEPRECATED_OBJC_IMPLEMENTATIONS = YES;
				CLANG_WARN_DIRECT_OBJC_ISA_USAGE = YES_ERROR;
				CLANG_WARN_DOCUMENTATION_COMMENTS = YES;
				CLANG_WARN_EMPTY_BODY = YES;
				CLANG_WARN_ENUM_CONVERSION = YES;
				CLANG_WARN_INFINITE_RECURSION = YES;
				CLANG_WARN_INT_CONVERSION = YES;
				CLANG_WARN_NON_LITERAL_NULL_CONVERSION = YES;
				CLANG_WARN_OBJC_IMPLICIT_RETAIN_SELF = YES;
				CLANG_WARN_OBJC_LITERAL_CONVERSION = YES;
				CLANG_WARN_OBJC_ROOT_CLASS = YES_ERROR;
				CLANG_WARN_QUOTED_INCLUDE_IN_FRAMEWORK_HEADER = YES;
				CLANG_WARN_RANGE_LOOP_ANALYSIS = YES;
				CLANG_WARN_STRICT_PROTOTYPES = YES;
				CLANG_WARN_SUSPICIOUS_MOVE = YES;
				CLANG_WARN_UNGUARDED_AVAILABILITY = YES_AGGRESSIVE;
				CLANG_WARN_UNREACHABLE_CODE = YES;
				CLANG_WARN__DUPLICATE_METHOD_MATCH = YES;
				COPY_PHASE_STRIP = NO;
				DEBUG_INFORMATION_FORMAT = dwarf;
				ENABLE_STRICT_OBJC_MSGSEND = YES;
				ENABLE_TESTABILITY = YES;
				ENABLE_USER_SCRIPT_SANDBOXING = YES;
				GCC_C_LANGUAGE_STANDARD = gnu17;
				GCC_DYNAMIC_NO_PIC = NO;
				GCC_NO_COMMON_BLOCKS = YES;
				GCC_OPTIMIZATION_LEVEL = 0;
				GCC_PREPROCESSOR_DEFINITIONS = (
					"DEBUG=1",
					"$(inherited)",
				);
				GCC_WARN_64_TO_32_BIT_CONVERSION = YES;
				GCC_WARN_ABOUT_RETURN_TYPE = YES_ERROR;
				GCC_WARN_UNDECLARED_SELECTOR = YES;
				GCC_WARN_UNINITIALIZED_AUTOS = YES_AGGRESSIVE;
				GCC_WARN_UNUSED_FUNCTION = YES;
				GCC_WARN_UNUSED_VARIABLE = YES;
				LOCALIZATION_PREFERS_STRING_CATALOGS = YES;
				MTL_ENABLE_DEBUG_INFO = INCLUDE_SOURCE;
				MTL_FAST_MATH = YES;
				ONLY_ACTIVE_ARCH = YES;
				SDKROOT = xros;
				SWIFT_ACTIVE_COMPILATION_CONDITIONS = "DEBUG $(inherited)";
				SWIFT_OPTIMIZATION_LEVEL = "-Onone";
				XROS_DEPLOYMENT_TARGET = 1.0;
			};
			name = Debug;
		};
		9CA158052B5DC6D50088C993 /* Release */ = {
			isa = XCBuildConfiguration;
			buildSettings = {
				ALWAYS_SEARCH_USER_PATHS = NO;
				ASSETCATALOG_COMPILER_GENERATE_SWIFT_ASSET_SYMBOL_EXTENSIONS = YES;
				CLANG_ANALYZER_NONNULL = YES;
				CLANG_ANALYZER_NUMBER_OBJECT_CONVERSION = YES_AGGRESSIVE;
				CLANG_CXX_LANGUAGE_STANDARD = "gnu++20";
				CLANG_ENABLE_MODULES = YES;
				CLANG_ENABLE_OBJC_ARC = YES;
				CLANG_ENABLE_OBJC_WEAK = YES;
				CLANG_WARN_BLOCK_CAPTURE_AUTORELEASING = YES;
				CLANG_WARN_BOOL_CONVERSION = YES;
				CLANG_WARN_COMMA = YES;
				CLANG_WARN_CONSTANT_CONVERSION = YES;
				CLANG_WARN_DEPRECATED_OBJC_IMPLEMENTATIONS = YES;
				CLANG_WARN_DIRECT_OBJC_ISA_USAGE = YES_ERROR;
				CLANG_WARN_DOCUMENTATION_COMMENTS = YES;
				CLANG_WARN_EMPTY_BODY = YES;
				CLANG_WARN_ENUM_CONVERSION = YES;
				CLANG_WARN_INFINITE_RECURSION = YES;
				CLANG_WARN_INT_CONVERSION = YES;
				CLANG_WARN_NON_LITERAL_NULL_CONVERSION = YES;
				CLANG_WARN_OBJC_IMPLICIT_RETAIN_SELF = YES;
				CLANG_WARN_OBJC_LITERAL_CONVERSION = YES;
				CLANG_WARN_OBJC_ROOT_CLASS = YES_ERROR;
				CLANG_WARN_QUOTED_INCLUDE_IN_FRAMEWORK_HEADER = YES;
				CLANG_WARN_RANGE_LOOP_ANALYSIS = YES;
				CLANG_WARN_STRICT_PROTOTYPES = YES;
				CLANG_WARN_SUSPICIOUS_MOVE = YES;
				CLANG_WARN_UNGUARDED_AVAILABILITY = YES_AGGRESSIVE;
				CLANG_WARN_UNREACHABLE_CODE = YES;
				CLANG_WARN__DUPLICATE_METHOD_MATCH = YES;
				COPY_PHASE_STRIP = NO;
				DEBUG_INFORMATION_FORMAT = "dwarf-with-dsym";
				ENABLE_NS_ASSERTIONS = NO;
				ENABLE_STRICT_OBJC_MSGSEND = YES;
				ENABLE_USER_SCRIPT_SANDBOXING = YES;
				GCC_C_LANGUAGE_STANDARD = gnu17;
				GCC_NO_COMMON_BLOCKS = YES;
				GCC_WARN_64_TO_32_BIT_CONVERSION = YES;
				GCC_WARN_ABOUT_RETURN_TYPE = YES_ERROR;
				GCC_WARN_UNDECLARED_SELECTOR = YES;
				GCC_WARN_UNINITIALIZED_AUTOS = YES_AGGRESSIVE;
				GCC_WARN_UNUSED_FUNCTION = YES;
				GCC_WARN_UNUSED_VARIABLE = YES;
				LOCALIZATION_PREFERS_STRING_CATALOGS = YES;
				MTL_ENABLE_DEBUG_INFO = NO;
				MTL_FAST_MATH = YES;
				SDKROOT = xros;
				SWIFT_COMPILATION_MODE = wholemodule;
				VALIDATE_PRODUCT = YES;
				XROS_DEPLOYMENT_TARGET = 1.0;
			};
			name = Release;
		};
		9CA158072B5DC6D50088C993 /* Debug */ = {
			isa = XCBuildConfiguration;
			buildSettings = {
				ASSETCATALOG_COMPILER_APPICON_NAME = AppIcon;
				ASSETCATALOG_COMPILER_GLOBAL_ACCENT_COLOR_NAME = AccentColor;
				CODE_SIGN_IDENTITY = "Apple Development";
				CODE_SIGN_STYLE = Automatic;
				CURRENT_PROJECT_VERSION = 1;
				DEVELOPMENT_ASSET_PATHS = "\"game5-visionOS/Preview Content\"";
				DEVELOPMENT_TEAM = TVGQDNYPQY;
				ENABLE_PREVIEWS = YES;
				GENERATE_INFOPLIST_FILE = YES;
				INFOPLIST_FILE = "$(TARGET_NAME)/Info.plist";
				INFOPLIST_KEY_CFBundleDisplayName = "Game 5";
				INFOPLIST_KEY_LSApplicationCategoryType = "public.app-category.simulation-games";
				LD_RUNPATH_SEARCH_PATHS = (
					"$(inherited)",
					"@executable_path/Frameworks",
				);
				MARKETING_VERSION = 1.0;
				PRODUCT_BUNDLE_IDENTIFIER = "io.github.codetoil.game5-visionOS";
				PRODUCT_NAME = "$(TARGET_NAME)";
				PROVISIONING_PROFILE_SPECIFIER = "";
				SUPPORTED_PLATFORMS = "xros xrsimulator";
				SWIFT_EMIT_LOC_STRINGS = YES;
				SWIFT_OBJC_BRIDGING_HEADER = "$(TARGET_NAME)/ShaderTypes.h";
				SWIFT_VERSION = 5.0;
				TARGETED_DEVICE_FAMILY = "1,2,7";
			};
			name = Debug;
		};
		9CA158082B5DC6D50088C993 /* Release */ = {
			isa = XCBuildConfiguration;
			buildSettings = {
				ASSETCATALOG_COMPILER_APPICON_NAME = AppIcon;
				ASSETCATALOG_COMPILER_GLOBAL_ACCENT_COLOR_NAME = AccentColor;
				CODE_SIGN_IDENTITY = "Apple Development";
				CODE_SIGN_STYLE = Automatic;
				CURRENT_PROJECT_VERSION = 1;
				DEVELOPMENT_ASSET_PATHS = "\"game5-visionOS/Preview Content\"";
				DEVELOPMENT_TEAM = TVGQDNYPQY;
				ENABLE_PREVIEWS = YES;
				GENERATE_INFOPLIST_FILE = YES;
				INFOPLIST_FILE = "$(TARGET_NAME)/Info.plist";
				INFOPLIST_KEY_CFBundleDisplayName = "Game 5";
				INFOPLIST_KEY_LSApplicationCategoryType = "public.app-category.simulation-games";
				LD_RUNPATH_SEARCH_PATHS = (
					"$(inherited)",
					"@executable_path/Frameworks",
				);
				MARKETING_VERSION = 1.0;
				PRODUCT_BUNDLE_IDENTIFIER = "io.github.codetoil.game5-visionOS";
				PRODUCT_NAME = "$(TARGET_NAME)";
				PROVISIONING_PROFILE_SPECIFIER = "";
				SUPPORTED_PLATFORMS = "xros xrsimulator";
				SWIFT_EMIT_LOC_STRINGS = YES;
				SWIFT_OBJC_BRIDGING_HEADER = "$(TARGET_NAME)/ShaderTypes.h";
				SWIFT_VERSION = 5.0;
				TARGETED_DEVICE_FAMILY = "1,2,7";
			};
			name = Release;
		};
		9CA1580A2B5DC6D50088C993 /* Debug */ = {
			isa = XCBuildConfiguration;
			buildSettings = {
				ALWAYS_EMBED_SWIFT_STANDARD_LIBRARIES = YES;
				BUNDLE_LOADER = "$(TEST_HOST)";
				CODE_SIGN_STYLE = Automatic;
				CURRENT_PROJECT_VERSION = 1;
				DEVELOPMENT_TEAM = TVGQDNYPQY;
				GENERATE_INFOPLIST_FILE = YES;
				MARKETING_VERSION = 1.0;
				PRODUCT_BUNDLE_IDENTIFIER = "io.github.codetoil.game5-visionOSTests";
				PRODUCT_NAME = "$(TARGET_NAME)";
				SUPPORTED_PLATFORMS = "xros xrsimulator";
				SWIFT_EMIT_LOC_STRINGS = NO;
				SWIFT_VERSION = 5.0;
				TARGETED_DEVICE_FAMILY = "1,2,7";
				TEST_HOST = "$(BUILT_PRODUCTS_DIR)/game5-visionOS.app/$(BUNDLE_EXECUTABLE_FOLDER_PATH)/game5-visionOS";
				XROS_DEPLOYMENT_TARGET = 1.0;
			};
			name = Debug;
		};
		9CA1580B2B5DC6D50088C993 /* Release */ = {
			isa = XCBuildConfiguration;
			buildSettings = {
				ALWAYS_EMBED_SWIFT_STANDARD_LIBRARIES = YES;
				BUNDLE_LOADER = "$(TEST_HOST)";
				CODE_SIGN_STYLE = Automatic;
				CURRENT_PROJECT_VERSION = 1;
				DEVELOPMENT_TEAM = TVGQDNYPQY;
				GENERATE_INFOPLIST_FILE = YES;
				MARKETING_VERSION = 1.0;
				PRODUCT_BUNDLE_IDENTIFIER = "io.github.codetoil.game5-visionOSTests";
				PRODUCT_NAME = "$(TARGET_NAME)";
				SUPPORTED_PLATFORMS = "xros xrsimulator";
				SWIFT_EMIT_LOC_STRINGS = NO;
				SWIFT_VERSION = 5.0;
				TARGETED_DEVICE_FAMILY = "1,2,7";
				TEST_HOST = "$(BUILT_PRODUCTS_DIR)/game5-visionOS.app/$(BUNDLE_EXECUTABLE_FOLDER_PATH)/game5-visionOS";
				XROS_DEPLOYMENT_TARGET = 1.0;
			};
			name = Release;
		};
/* End XCBuildConfiguration section */

/* Begin XCConfigurationList section */
		9CA157DF2B5DC6D30088C993 /* Build configuration list for PBXProject "game5-visionOS" */ = {
			isa = XCConfigurationList;
			buildConfigurations = (
				9CA158042B5DC6D50088C993 /* Debug */,
				9CA158052B5DC6D50088C993 /* Release */,
			);
			defaultConfigurationIsVisible = 0;
			defaultConfigurationName = Release;
		};
		9CA158062B5DC6D50088C993 /* Build configuration list for PBXNativeTarget "game5-visionOS" */ = {
			isa = XCConfigurationList;
			buildConfigurations = (
				9CA158072B5DC6D50088C993 /* Debug */,
				9CA158082B5DC6D50088C993 /* Release */,
			);
			defaultConfigurationIsVisible = 0;
			defaultConfigurationName = Release;
		};
		9CA158092B5DC6D50088C993 /* Build configuration list for PBXNativeTarget "game5-visionOSTests" */ = {
			isa = XCConfigurationList;
			buildConfigurations = (
				9CA1580A2B5DC6D50088C993 /* Debug */,
				9CA1580B2B5DC6D50088C993 /* Release */,
			);
			defaultConfigurationIsVisible = 0;
			defaultConfigurationName = Release;
		};
/* End XCConfigurationList section */

/* Begin XCSwiftPackageProductDependency section */
		9CDE98262B6D47F0005AC5F7 /* Game5Content */ = {
			isa = XCSwiftPackageProductDependency;
			productName = Game5Content;
		};
/* End XCSwiftPackageProductDependency section */
	};
	rootObject = 9CA157DC2B5DC6D30088C993 /* Project object */;
}
